
Microsoft Visual Studio Solution File, Format Version 12.00
# Visual Studio 15
VisualStudioVersion = 15.0.28307.168
MinimumVisualStudioVersion = 10.0.40219.1
Project("{FAE04EC0-301F-11D3-BF4B-00C04F79EFBC}") = "ListViewSample.Android", "ListViewInScrollView\ListViewInScrollView.Android\ListViewSample.Android.csproj", "{F3219F89-BBD3-4BEC-8A6A-C676890817FD}"
EndProject
Project("{FAE04EC0-301F-11D3-BF4B-00C04F79EFBC}") = "ListViewSample.iOS", "ListViewInScrollView\ListViewInScrollView.iOS\ListViewSample.iOS.csproj", "{D1E76619-C79D-4B85-91C9-5BED517AA677}"
EndProject
Project("{FAE04EC0-301F-11D3-BF4B-00C04F79EFBC}") = "ListViewSample.UWP", "ListViewInScrollView\ListViewInScrollView.UWP\ListViewSample.UWP.csproj", "{113D0DA6-3138-447E-B630-03A0FB407C83}"
EndProject
Project("{FAE04EC0-301F-11D3-BF4B-00C04F79EFBC}") = "ListViewSample", "ListViewInScrollView\ListViewInScrollView\ListViewSample.csproj", "{C84931B5-CE0A-4CB7-A2F2-8E77B431FFBF}"
EndProject
Global
	GlobalSection(SolutionConfigurationPlatforms) = preSolution
		Ad-Hoc|Any CPU = Ad-Hoc|Any CPU
		Ad-Hoc|ARM = Ad-Hoc|ARM
		Ad-Hoc|iPhone = Ad-Hoc|iPhone
		Ad-Hoc|iPhoneSimulator = Ad-Hoc|iPhoneSimulator
		Ad-Hoc|x64 = Ad-Hoc|x64
		Ad-Hoc|x86 = Ad-Hoc|x86
		AppStore|Any CPU = AppStore|Any CPU
		AppStore|ARM = AppStore|ARM
		AppStore|iPhone = AppStore|iPhone
		AppStore|iPhoneSimulator = AppStore|iPhoneSimulator
		AppStore|x64 = AppStore|x64
		AppStore|x86 = AppStore|x86
		Debug|Any CPU = Debug|Any CPU
		Debug|ARM = Debug|ARM
		Debug|iPhone = Debug|iPhone
		Debug|iPhoneSimulator = Debug|iPhoneSimulator
		Debug|x64 = Debug|x64
		Debug|x86 = Debug|x86
		Release|Any CPU = Release|Any CPU
		Release|ARM = Release|ARM
		Release|iPhone = Release|iPhone
		Release|iPhoneSimulator = Release|iPhoneSimulator
		Release|x64 = Release|x64
		Release|x86 = Release|x86
	EndGlobalSection
	GlobalSection(ProjectConfigurationPlatforms) = postSolution
		{F3219F89-BBD3-4BEC-8A6A-C676890817FD}.Ad-Hoc|Any CPU.ActiveCfg = Release|Any CPU
		{F3219F89-BBD3-4BEC-8A6A-C676890817FD}.Ad-Hoc|Any CPU.Build.0 = Release|Any CPU
		{F3219F89-BBD3-4BEC-8A6A-C676890817FD}.Ad-Hoc|Any CPU.Deploy.0 = Release|Any CPU
		{F3219F89-BBD3-4BEC-8A6A-C676890817FD}.Ad-Hoc|ARM.ActiveCfg = Release|Any CPU
		{F3219F89-BBD3-4BEC-8A6A-C676890817FD}.Ad-Hoc|ARM.Build.0 = Release|Any CPU
		{F3219F89-BBD3-4BEC-8A6A-C676890817FD}.Ad-Hoc|ARM.Deploy.0 = Release|Any CPU
		{F3219F89-BBD3-4BEC-8A6A-C676890817FD}.Ad-Hoc|iPhone.ActiveCfg = Release|Any CPU
		{F3219F89-BBD3-4BEC-8A6A-C676890817FD}.Ad-Hoc|iPhone.Build.0 = Release|Any CPU
		{F3219F89-BBD3-4BEC-8A6A-C676890817FD}.Ad-Hoc|iPhone.Deploy.0 = Release|Any CPU
		{F3219F89-BBD3-4BEC-8A6A-C676890817FD}.Ad-Hoc|iPhoneSimulator.ActiveCfg = Release|Any CPU
		{F3219F89-BBD3-4BEC-8A6A-C676890817FD}.Ad-Hoc|iPhoneSimulator.Build.0 = Release|Any CPU
		{F3219F89-BBD3-4BEC-8A6A-C676890817FD}.Ad-Hoc|iPhoneSimulator.Deploy.0 = Release|Any CPU
		{F3219F89-BBD3-4BEC-8A6A-C676890817FD}.Ad-Hoc|x64.ActiveCfg = Release|Any CPU
		{F3219F89-BBD3-4BEC-8A6A-C676890817FD}.Ad-Hoc|x64.Build.0 = Release|Any CPU
		{F3219F89-BBD3-4BEC-8A6A-C676890817FD}.Ad-Hoc|x64.Deploy.0 = Release|Any CPU
		{F3219F89-BBD3-4BEC-8A6A-C676890817FD}.Ad-Hoc|x86.ActiveCfg = Release|Any CPU
		{F3219F89-BBD3-4BEC-8A6A-C676890817FD}.Ad-Hoc|x86.Build.0 = Release|Any CPU
		{F3219F89-BBD3-4BEC-8A6A-C676890817FD}.Ad-Hoc|x86.Deploy.0 = Release|Any CPU
		{F3219F89-BBD3-4BEC-8A6A-C676890817FD}.AppStore|Any CPU.ActiveCfg = Release|Any CPU
		{F3219F89-BBD3-4BEC-8A6A-C676890817FD}.AppStore|Any CPU.Build.0 = Release|Any CPU
		{F3219F89-BBD3-4BEC-8A6A-C676890817FD}.AppStore|Any CPU.Deploy.0 = Release|Any CPU
		{F3219F89-BBD3-4BEC-8A6A-C676890817FD}.AppStore|ARM.ActiveCfg = Release|Any CPU
		{F3219F89-BBD3-4BEC-8A6A-C676890817FD}.AppStore|ARM.Build.0 = Release|Any CPU
		{F3219F89-BBD3-4BEC-8A6A-C676890817FD}.AppStore|ARM.Deploy.0 = Release|Any CPU
		{F3219F89-BBD3-4BEC-8A6A-C676890817FD}.AppStore|iPhone.ActiveCfg = Release|Any CPU
		{F3219F89-BBD3-4BEC-8A6A-C676890817FD}.AppStore|iPhone.Build.0 = Release|Any CPU
		{F3219F89-BBD3-4BEC-8A6A-C676890817FD}.AppStore|iPhone.Deploy.0 = Release|Any CPU
		{F3219F89-BBD3-4BEC-8A6A-C676890817FD}.AppStore|iPhoneSimulator.ActiveCfg = Release|Any CPU
		{F3219F89-BBD3-4BEC-8A6A-C676890817FD}.AppStore|iPhoneSimulator.Build.0 = Release|Any CPU
		{F3219F89-BBD3-4BEC-8A6A-C676890817FD}.AppStore|iPhoneSimulator.Deploy.0 = Release|Any CPU
		{F3219F89-BBD3-4BEC-8A6A-C676890817FD}.AppStore|x64.ActiveCfg = Release|Any CPU
		{F3219F89-BBD3-4BEC-8A6A-C676890817FD}.AppStore|x64.Build.0 = Release|Any CPU
		{F3219F89-BBD3-4BEC-8A6A-C676890817FD}.AppStore|x64.Deploy.0 = Release|Any CPU
		{F3219F89-BBD3-4BEC-8A6A-C676890817FD}.AppStore|x86.ActiveCfg = Release|Any CPU
		{F3219F89-BBD3-4BEC-8A6A-C676890817FD}.AppStore|x86.Build.0 = Release|Any CPU
		{F3219F89-BBD3-4BEC-8A6A-C676890817FD}.AppStore|x86.Deploy.0 = Release|Any CPU
		{F3219F89-BBD3-4BEC-8A6A-C676890817FD}.Debug|Any CPU.ActiveCfg = Debug|Any CPU
		{F3219F89-BBD3-4BEC-8A6A-C676890817FD}.Debug|Any CPU.Build.0 = Debug|Any CPU
		{F3219F89-BBD3-4BEC-8A6A-C676890817FD}.Debug|Any CPU.Deploy.0 = Debug|Any CPU
		{F3219F89-BBD3-4BEC-8A6A-C676890817FD}.Debug|ARM.ActiveCfg = Debug|Any CPU
		{F3219F89-BBD3-4BEC-8A6A-C676890817FD}.Debug|ARM.Build.0 = Debug|Any CPU
		{F3219F89-BBD3-4BEC-8A6A-C676890817FD}.Debug|ARM.Deploy.0 = Debug|Any CPU
		{F3219F89-BBD3-4BEC-8A6A-C676890817FD}.Debug|iPhone.ActiveCfg = Debug|Any CPU
		{F3219F89-BBD3-4BEC-8A6A-C676890817FD}.Debug|iPhone.Build.0 = Debug|Any CPU
		{F3219F89-BBD3-4BEC-8A6A-C676890817FD}.Debug|iPhone.Deploy.0 = Debug|Any CPU
		{F3219F89-BBD3-4BEC-8A6A-C676890817FD}.Debug|iPhoneSimulator.ActiveCfg = Debug|Any CPU
		{F3219F89-BBD3-4BEC-8A6A-C676890817FD}.Debug|iPhoneSimulator.Build.0 = Debug|Any CPU
		{F3219F89-BBD3-4BEC-8A6A-C676890817FD}.Debug|iPhoneSimulator.Deploy.0 = Debug|Any CPU
		{F3219F89-BBD3-4BEC-8A6A-C676890817FD}.Debug|x64.ActiveCfg = Debug|Any CPU
		{F3219F89-BBD3-4BEC-8A6A-C676890817FD}.Debug|x64.Build.0 = Debug|Any CPU
		{F3219F89-BBD3-4BEC-8A6A-C676890817FD}.Debug|x64.Deploy.0 = Debug|Any CPU
		{F3219F89-BBD3-4BEC-8A6A-C676890817FD}.Debug|x86.ActiveCfg = Debug|Any CPU
		{F3219F89-BBD3-4BEC-8A6A-C676890817FD}.Debug|x86.Build.0 = Debug|Any CPU
		{F3219F89-BBD3-4BEC-8A6A-C676890817FD}.Debug|x86.Deploy.0 = Debug|Any CPU
		{F3219F89-BBD3-4BEC-8A6A-C676890817FD}.Release|Any CPU.ActiveCfg = Release|Any CPU
		{F3219F89-BBD3-4BEC-8A6A-C676890817FD}.Release|Any CPU.Build.0 = Release|Any CPU
		{F3219F89-BBD3-4BEC-8A6A-C676890817FD}.Release|Any CPU.Deploy.0 = Release|Any CPU
		{F3219F89-BBD3-4BEC-8A6A-C676890817FD}.Release|ARM.ActiveCfg = Release|Any CPU
		{F3219F89-BBD3-4BEC-8A6A-C676890817FD}.Release|ARM.Build.0 = Release|Any CPU
		{F3219F89-BBD3-4BEC-8A6A-C676890817FD}.Release|ARM.Deploy.0 = Release|Any CPU
		{F3219F89-BBD3-4BEC-8A6A-C676890817FD}.Release|iPhone.ActiveCfg = Release|Any CPU
		{F3219F89-BBD3-4BEC-8A6A-C676890817FD}.Release|iPhone.Build.0 = Release|Any CPU
		{F3219F89-BBD3-4BEC-8A6A-C676890817FD}.Release|iPhone.Deploy.0 = Release|Any CPU
		{F3219F89-BBD3-4BEC-8A6A-C676890817FD}.Release|iPhoneSimulator.ActiveCfg = Release|Any CPU
		{F3219F89-BBD3-4BEC-8A6A-C676890817FD}.Release|iPhoneSimulator.Build.0 = Release|Any CPU
		{F3219F89-BBD3-4BEC-8A6A-C676890817FD}.Release|iPhoneSimulator.Deploy.0 = Release|Any CPU
		{F3219F89-BBD3-4BEC-8A6A-C676890817FD}.Release|x64.ActiveCfg = Release|Any CPU
		{F3219F89-BBD3-4BEC-8A6A-C676890817FD}.Release|x64.Build.0 = Release|Any CPU
		{F3219F89-BBD3-4BEC-8A6A-C676890817FD}.Release|x64.Deploy.0 = Release|Any CPU
		{F3219F89-BBD3-4BEC-8A6A-C676890817FD}.Release|x86.ActiveCfg = Release|Any CPU
		{F3219F89-BBD3-4BEC-8A6A-C676890817FD}.Release|x86.Build.0 = Release|Any CPU
		{F3219F89-BBD3-4BEC-8A6A-C676890817FD}.Release|x86.Deploy.0 = Release|Any CPU
		{D1E76619-C79D-4B85-91C9-5BED517AA677}.Ad-Hoc|Any CPU.ActiveCfg = Ad-Hoc|iPhone
		{D1E76619-C79D-4B85-91C9-5BED517AA677}.Ad-Hoc|Any CPU.Build.0 = Ad-Hoc|iPhone
		{D1E76619-C79D-4B85-91C9-5BED517AA677}.Ad-Hoc|Any CPU.Deploy.0 = Ad-Hoc|iPhone
		{D1E76619-C79D-4B85-91C9-5BED517AA677}.Ad-Hoc|ARM.ActiveCfg = Ad-Hoc|iPhone
		{D1E76619-C79D-4B85-91C9-5BED517AA677}.Ad-Hoc|ARM.Build.0 = Ad-Hoc|iPhone
		{D1E76619-C79D-4B85-91C9-5BED517AA677}.Ad-Hoc|ARM.Deploy.0 = Ad-Hoc|iPhone
		{D1E76619-C79D-4B85-91C9-5BED517AA677}.Ad-Hoc|iPhone.ActiveCfg = Ad-Hoc|iPhone
		{D1E76619-C79D-4B85-91C9-5BED517AA677}.Ad-Hoc|iPhone.Build.0 = Ad-Hoc|iPhone
		{D1E76619-C79D-4B85-91C9-5BED517AA677}.Ad-Hoc|iPhone.Deploy.0 = Ad-Hoc|iPhone
		{D1E76619-C79D-4B85-91C9-5BED517AA677}.Ad-Hoc|iPhoneSimulator.ActiveCfg = Ad-Hoc|iPhoneSimulator
		{D1E76619-C79D-4B85-91C9-5BED517AA677}.Ad-Hoc|iPhoneSimulator.Build.0 = Ad-Hoc|iPhoneSimulator
		{D1E76619-C79D-4B85-91C9-5BED517AA677}.Ad-Hoc|iPhoneSimulator.Deploy.0 = Ad-Hoc|iPhoneSimulator
		{D1E76619-C79D-4B85-91C9-5BED517AA677}.Ad-Hoc|x64.ActiveCfg = Ad-Hoc|iPhone
		{D1E76619-C79D-4B85-91C9-5BED517AA677}.Ad-Hoc|x64.Build.0 = Ad-Hoc|iPhone
		{D1E76619-C79D-4B85-91C9-5BED517AA677}.Ad-Hoc|x64.Deploy.0 = Ad-Hoc|iPhone
		{D1E76619-C79D-4B85-91C9-5BED517AA677}.Ad-Hoc|x86.ActiveCfg = Ad-Hoc|iPhone
		{D1E76619-C79D-4B85-91C9-5BED517AA677}.Ad-Hoc|x86.Build.0 = Ad-Hoc|iPhone
		{D1E76619-C79D-4B85-91C9-5BED517AA677}.Ad-Hoc|x86.Deploy.0 = Ad-Hoc|iPhone
		{D1E76619-C79D-4B85-91C9-5BED517AA677}.AppStore|Any CPU.ActiveCfg = AppStore|iPhone
		{D1E76619-C79D-4B85-91C9-5BED517AA677}.AppStore|Any CPU.Build.0 = AppStore|iPhone
		{D1E76619-C79D-4B85-91C9-5BED517AA677}.AppStore|Any CPU.Deploy.0 = AppStore|iPhone
		{D1E76619-C79D-4B85-91C9-5BED517AA677}.AppStore|ARM.ActiveCfg = AppStore|iPhone
		{D1E76619-C79D-4B85-91C9-5BED517AA677}.AppStore|ARM.Build.0 = AppStore|iPhone
		{D1E76619-C79D-4B85-91C9-5BED517AA677}.AppStore|ARM.Deploy.0 = AppStore|iPhone
		{D1E76619-C79D-4B85-91C9-5BED517AA677}.AppStore|iPhone.ActiveCfg = AppStore|iPhone
		{D1E76619-C79D-4B85-91C9-5BED517AA677}.AppStore|iPhone.Build.0 = AppStore|iPhone
		{D1E76619-C79D-4B85-91C9-5BED517AA677}.AppStore|iPhone.Deploy.0 = AppStore|iPhone
		{D1E76619-C79D-4B85-91C9-5BED517AA677}.AppStore|iPhoneSimulator.ActiveCfg = AppStore|iPhoneSimulator
		{D1E76619-C79D-4B85-91C9-5BED517AA677}.AppStore|iPhoneSimulator.Build.0 = AppStore|iPhoneSimulator
		{D1E76619-C79D-4B85-91C9-5BED517AA677}.AppStore|iPhoneSimulator.Deploy.0 = AppStore|iPhoneSimulator
		{D1E76619-C79D-4B85-91C9-5BED517AA677}.AppStore|x64.ActiveCfg = AppStore|iPhone
		{D1E76619-C79D-4B85-91C9-5BED517AA677}.AppStore|x64.Build.0 = AppStore|iPhone
		{D1E76619-C79D-4B85-91C9-5BED517AA677}.AppStore|x64.Deploy.0 = AppStore|iPhone
		{D1E76619-C79D-4B85-91C9-5BED517AA677}.AppStore|x86.ActiveCfg = AppStore|iPhone
		{D1E76619-C79D-4B85-91C9-5BED517AA677}.AppStore|x86.Build.0 = AppStore|iPhone
		{D1E76619-C79D-4B85-91C9-5BED517AA677}.AppStore|x86.Deploy.0 = AppStore|iPhone
		{D1E76619-C79D-4B85-91C9-5BED517AA677}.Debug|Any CPU.ActiveCfg = Debug|iPhoneSimulator
		{D1E76619-C79D-4B85-91C9-5BED517AA677}.Debug|Any CPU.Build.0 = Debug|iPhoneSimulator
		{D1E76619-C79D-4B85-91C9-5BED517AA677}.Debug|Any CPU.Deploy.0 = Debug|iPhoneSimulator
		{D1E76619-C79D-4B85-91C9-5BED517AA677}.Debug|ARM.ActiveCfg = Debug|iPhone
		{D1E76619-C79D-4B85-91C9-5BED517AA677}.Debug|ARM.Build.0 = Debug|iPhone
		{D1E76619-C79D-4B85-91C9-5BED517AA677}.Debug|ARM.Deploy.0 = Debug|iPhone
		{D1E76619-C79D-4B85-91C9-5BED517AA677}.Debug|iPhone.ActiveCfg = Debug|iPhone
		{D1E76619-C79D-4B85-91C9-5BED517AA677}.Debug|iPhone.Build.0 = Debug|iPhone
		{D1E76619-C79D-4B85-91C9-5BED517AA677}.Debug|iPhone.Deploy.0 = Debug|iPhone
		{D1E76619-C79D-4B85-91C9-5BED517AA677}.Debug|iPhoneSimulator.ActiveCfg = Debug|iPhoneSimulator
		{D1E76619-C79D-4B85-91C9-5BED517AA677}.Debug|iPhoneSimulator.Build.0 = Debug|iPhoneSimulator
		{D1E76619-C79D-4B85-91C9-5BED517AA677}.Debug|iPhoneSimulator.Deploy.0 = Debug|iPhoneSimulator
		{D1E76619-C79D-4B85-91C9-5BED517AA677}.Debug|x64.ActiveCfg = Debug|iPhone
		{D1E76619-C79D-4B85-91C9-5BED517AA677}.Debug|x64.Build.0 = Debug|iPhone
		{D1E76619-C79D-4B85-91C9-5BED517AA677}.Debug|x64.Deploy.0 = Debug|iPhone
		{D1E76619-C79D-4B85-91C9-5BED517AA677}.Debug|x86.ActiveCfg = Debug|iPhone
		{D1E76619-C79D-4B85-91C9-5BED517AA677}.Debug|x86.Build.0 = Debug|iPhone
		{D1E76619-C79D-4B85-91C9-5BED517AA677}.Debug|x86.Deploy.0 = Debug|iPhone
		{D1E76619-C79D-4B85-91C9-5BED517AA677}.Release|Any CPU.ActiveCfg = Release|iPhone
		{D1E76619-C79D-4B85-91C9-5BED517AA677}.Release|Any CPU.Build.0 = Release|iPhone
		{D1E76619-C79D-4B85-91C9-5BED517AA677}.Release|Any CPU.Deploy.0 = Release|iPhone
		{D1E76619-C79D-4B85-91C9-5BED517AA677}.Release|ARM.ActiveCfg = Release|iPhone
		{D1E76619-C79D-4B85-91C9-5BED517AA677}.Release|ARM.Build.0 = Release|iPhone
		{D1E76619-C79D-4B85-91C9-5BED517AA677}.Release|ARM.Deploy.0 = Release|iPhone
		{D1E76619-C79D-4B85-91C9-5BED517AA677}.Release|iPhone.ActiveCfg = Release|iPhone
		{D1E76619-C79D-4B85-91C9-5BED517AA677}.Release|iPhone.Build.0 = Release|iPhone
		{D1E76619-C79D-4B85-91C9-5BED517AA677}.Release|iPhone.Deploy.0 = Release|iPhone
		{D1E76619-C79D-4B85-91C9-5BED517AA677}.Release|iPhoneSimulator.ActiveCfg = Release|iPhoneSimulator
		{D1E76619-C79D-4B85-91C9-5BED517AA677}.Release|iPhoneSimulator.Build.0 = Release|iPhoneSimulator
		{D1E76619-C79D-4B85-91C9-5BED517AA677}.Release|iPhoneSimulator.Deploy.0 = Release|iPhoneSimulator
		{D1E76619-C79D-4B85-91C9-5BED517AA677}.Release|x64.ActiveCfg = Release|iPhone
		{D1E76619-C79D-4B85-91C9-5BED517AA677}.Release|x64.Build.0 = Release|iPhone
		{D1E76619-C79D-4B85-91C9-5BED517AA677}.Release|x64.Deploy.0 = Release|iPhone
		{D1E76619-C79D-4B85-91C9-5BED517AA677}.Release|x86.ActiveCfg = Release|iPhone
		{D1E76619-C79D-4B85-91C9-5BED517AA677}.Release|x86.Build.0 = Release|iPhone
		{D1E76619-C79D-4B85-91C9-5BED517AA677}.Release|x86.Deploy.0 = Release|iPhone
		{113D0DA6-3138-447E-B630-03A0FB407C83}.Ad-Hoc|Any CPU.ActiveCfg = Release|x86
		{113D0DA6-3138-447E-B630-03A0FB407C83}.Ad-Hoc|Any CPU.Build.0 = Release|x86
		{113D0DA6-3138-447E-B630-03A0FB407C83}.Ad-Hoc|Any CPU.Deploy.0 = Release|x86
		{113D0DA6-3138-447E-B630-03A0FB407C83}.Ad-Hoc|ARM.ActiveCfg = Release|ARM
		{113D0DA6-3138-447E-B630-03A0FB407C83}.Ad-Hoc|ARM.Build.0 = Release|ARM
		{113D0DA6-3138-447E-B630-03A0FB407C83}.Ad-Hoc|ARM.Deploy.0 = Release|ARM
		{113D0DA6-3138-447E-B630-03A0FB407C83}.Ad-Hoc|iPhone.ActiveCfg = Release|x86
		{113D0DA6-3138-447E-B630-03A0FB407C83}.Ad-Hoc|iPhone.Build.0 = Release|x86
		{113D0DA6-3138-447E-B630-03A0FB407C83}.Ad-Hoc|iPhone.Deploy.0 = Release|x86
		{113D0DA6-3138-447E-B630-03A0FB407C83}.Ad-Hoc|iPhoneSimulator.ActiveCfg = Release|x86
		{113D0DA6-3138-447E-B630-03A0FB407C83}.Ad-Hoc|iPhoneSimulator.Build.0 = Release|x86
		{113D0DA6-3138-447E-B630-03A0FB407C83}.Ad-Hoc|iPhoneSimulator.Deploy.0 = Release|x86
		{113D0DA6-3138-447E-B630-03A0FB407C83}.Ad-Hoc|x64.ActiveCfg = Release|x64
		{113D0DA6-3138-447E-B630-03A0FB407C83}.Ad-Hoc|x64.Build.0 = Release|x64
		{113D0DA6-3138-447E-B630-03A0FB407C83}.Ad-Hoc|x64.Deploy.0 = Release|x64
		{113D0DA6-3138-447E-B630-03A0FB407C83}.Ad-Hoc|x86.ActiveCfg = Release|x86
		{113D0DA6-3138-447E-B630-03A0FB407C83}.Ad-Hoc|x86.Build.0 = Release|x86
		{113D0DA6-3138-447E-B630-03A0FB407C83}.Ad-Hoc|x86.Deploy.0 = Release|x86
		{113D0DA6-3138-447E-B630-03A0FB407C83}.AppStore|Any CPU.ActiveCfg = Release|x86
		{113D0DA6-3138-447E-B630-03A0FB407C83}.AppStore|Any CPU.Build.0 = Release|x86
		{113D0DA6-3138-447E-B630-03A0FB407C83}.AppStore|Any CPU.Deploy.0 = Release|x86
		{113D0DA6-3138-447E-B630-03A0FB407C83}.AppStore|ARM.ActiveCfg = Release|ARM
		{113D0DA6-3138-447E-B630-03A0FB407C83}.AppStore|ARM.Build.0 = Release|ARM
		{113D0DA6-3138-447E-B630-03A0FB407C83}.AppStore|ARM.Deploy.0 = Release|ARM
		{113D0DA6-3138-447E-B630-03A0FB407C83}.AppStore|iPhone.ActiveCfg = Release|x86
		{113D0DA6-3138-447E-B630-03A0FB407C83}.AppStore|iPhone.Build.0 = Release|x86
		{113D0DA6-3138-447E-B630-03A0FB407C83}.AppStore|iPhone.Deploy.0 = Release|x86
		{113D0DA6-3138-447E-B630-03A0FB407C83}.AppStore|iPhoneSimulator.ActiveCfg = Release|x86
		{113D0DA6-3138-447E-B630-03A0FB407C83}.AppStore|iPhoneSimulator.Build.0 = Release|x86
		{113D0DA6-3138-447E-B630-03A0FB407C83}.AppStore|iPhoneSimulator.Deploy.0 = Release|x86
		{113D0DA6-3138-447E-B630-03A0FB407C83}.AppStore|x64.ActiveCfg = Release|x64
		{113D0DA6-3138-447E-B630-03A0FB407C83}.AppStore|x64.Build.0 = Release|x64
		{113D0DA6-3138-447E-B630-03A0FB407C83}.AppStore|x64.Deploy.0 = Release|x64
		{113D0DA6-3138-447E-B630-03A0FB407C83}.AppStore|x86.ActiveCfg = Release|x86
		{113D0DA6-3138-447E-B630-03A0FB407C83}.AppStore|x86.Build.0 = Release|x86
		{113D0DA6-3138-447E-B630-03A0FB407C83}.AppStore|x86.Deploy.0 = Release|x86
		{113D0DA6-3138-447E-B630-03A0FB407C83}.Debug|Any CPU.ActiveCfg = Debug|x86
		{113D0DA6-3138-447E-B630-03A0FB407C83}.Debug|Any CPU.Build.0 = Debug|x86
		{113D0DA6-3138-447E-B630-03A0FB407C83}.Debug|Any CPU.Deploy.0 = Debug|x86
		{113D0DA6-3138-447E-B630-03A0FB407C83}.Debug|ARM.ActiveCfg = Debug|ARM
		{113D0DA6-3138-447E-B630-03A0FB407C83}.Debug|ARM.Build.0 = Debug|ARM
		{113D0DA6-3138-447E-B630-03A0FB407C83}.Debug|ARM.Deploy.0 = Debug|ARM
		{113D0DA6-3138-447E-B630-03A0FB407C83}.Debug|iPhone.ActiveCfg = Debug|x86
		{113D0DA6-3138-447E-B630-03A0FB407C83}.Debug|iPhone.Build.0 = Debug|x86
		{113D0DA6-3138-447E-B630-03A0FB407C83}.Debug|iPhone.Deploy.0 = Debug|x86
		{113D0DA6-3138-447E-B630-03A0FB407C83}.Debug|iPhoneSimulator.ActiveCfg = Debug|x86
		{113D0DA6-3138-447E-B630-03A0FB407C83}.Debug|iPhoneSimulator.Build.0 = Debug|x86
		{113D0DA6-3138-447E-B630-03A0FB407C83}.Debug|iPhoneSimulator.Deploy.0 = Debug|x86
		{113D0DA6-3138-447E-B630-03A0FB407C83}.Debug|x64.ActiveCfg = Debug|x64
		{113D0DA6-3138-447E-B630-03A0FB407C83}.Debug|x64.Build.0 = Debug|x64
		{113D0DA6-3138-447E-B630-03A0FB407C83}.Debug|x64.Deploy.0 = Debug|x64
		{113D0DA6-3138-447E-B630-03A0FB407C83}.Debug|x86.ActiveCfg = Debug|x86
		{113D0DA6-3138-447E-B630-03A0FB407C83}.Debug|x86.Build.0 = Debug|x86
		{113D0DA6-3138-447E-B630-03A0FB407C83}.Debug|x86.Deploy.0 = Debug|x86
		{113D0DA6-3138-447E-B630-03A0FB407C83}.Release|Any CPU.ActiveCfg = Release|x86
		{113D0DA6-3138-447E-B630-03A0FB407C83}.Release|Any CPU.Build.0 = Release|x86
		{113D0DA6-3138-447E-B630-03A0FB407C83}.Release|Any CPU.Deploy.0 = Release|x86
		{113D0DA6-3138-447E-B630-03A0FB407C83}.Release|ARM.ActiveCfg = Release|ARM
		{113D0DA6-3138-447E-B630-03A0FB407C83}.Release|ARM.Build.0 = Release|ARM
		{113D0DA6-3138-447E-B630-03A0FB407C83}.Release|ARM.Deploy.0 = Release|ARM
		{113D0DA6-3138-447E-B630-03A0FB407C83}.Release|iPhone.ActiveCfg = Release|x86
		{113D0DA6-3138-447E-B630-03A0FB407C83}.Release|iPhone.Build.0 = Release|x86
		{113D0DA6-3138-447E-B630-03A0FB407C83}.Release|iPhone.Deploy.0 = Release|x86
		{113D0DA6-3138-447E-B630-03A0FB407C83}.Release|iPhoneSimulator.ActiveCfg = Release|x86
		{113D0DA6-3138-447E-B630-03A0FB407C83}.Release|iPhoneSimulator.Build.0 = Release|x86
		{113D0DA6-3138-447E-B630-03A0FB407C83}.Release|iPhoneSimulator.Deploy.0 = Release|x86
		{113D0DA6-3138-447E-B630-03A0FB407C83}.Release|x64.ActiveCfg = Release|x64
		{113D0DA6-3138-447E-B630-03A0FB407C83}.Release|x64.Build.0 = Release|x64
		{113D0DA6-3138-447E-B630-03A0FB407C83}.Release|x64.Deploy.0 = Release|x64
		{113D0DA6-3138-447E-B630-03A0FB407C83}.Release|x86.ActiveCfg = Release|x86
		{113D0DA6-3138-447E-B630-03A0FB407C83}.Release|x86.Build.0 = Release|x86
		{113D0DA6-3138-447E-B630-03A0FB407C83}.Release|x86.Deploy.0 = Release|x86
		{C84931B5-CE0A-4CB7-A2F2-8E77B431FFBF}.Ad-Hoc|Any CPU.ActiveCfg = Debug|Any CPU
		{C84931B5-CE0A-4CB7-A2F2-8E77B431FFBF}.Ad-Hoc|Any CPU.Build.0 = Debug|Any CPU
		{C84931B5-CE0A-4CB7-A2F2-8E77B431FFBF}.Ad-Hoc|Any CPU.Deploy.0 = Debug|Any CPU
		{C84931B5-CE0A-4CB7-A2F2-8E77B431FFBF}.Ad-Hoc|ARM.ActiveCfg = Debug|Any CPU
		{C84931B5-CE0A-4CB7-A2F2-8E77B431FFBF}.Ad-Hoc|ARM.Build.0 = Debug|Any CPU
		{C84931B5-CE0A-4CB7-A2F2-8E77B431FFBF}.Ad-Hoc|ARM.Deploy.0 = Debug|Any CPU
		{C84931B5-CE0A-4CB7-A2F2-8E77B431FFBF}.Ad-Hoc|iPhone.ActiveCfg = Debug|Any CPU
		{C84931B5-CE0A-4CB7-A2F2-8E77B431FFBF}.Ad-Hoc|iPhone.Build.0 = Debug|Any CPU
		{C84931B5-CE0A-4CB7-A2F2-8E77B431FFBF}.Ad-Hoc|iPhone.Deploy.0 = Debug|Any CPU
		{C84931B5-CE0A-4CB7-A2F2-8E77B431FFBF}.Ad-Hoc|iPhoneSimulator.ActiveCfg = Debug|Any CPU
		{C84931B5-CE0A-4CB7-A2F2-8E77B431FFBF}.Ad-Hoc|iPhoneSimulator.Build.0 = Debug|Any CPU
		{C84931B5-CE0A-4CB7-A2F2-8E77B431FFBF}.Ad-Hoc|iPhoneSimulator.Deploy.0 = Debug|Any CPU
		{C84931B5-CE0A-4CB7-A2F2-8E77B431FFBF}.Ad-Hoc|x64.ActiveCfg = Debug|Any CPU
		{C84931B5-CE0A-4CB7-A2F2-8E77B431FFBF}.Ad-Hoc|x64.Build.0 = Debug|Any CPU
		{C84931B5-CE0A-4CB7-A2F2-8E77B431FFBF}.Ad-Hoc|x64.Deploy.0 = Debug|Any CPU
		{C84931B5-CE0A-4CB7-A2F2-8E77B431FFBF}.Ad-Hoc|x86.ActiveCfg = Debug|Any CPU
		{C84931B5-CE0A-4CB7-A2F2-8E77B431FFBF}.Ad-Hoc|x86.Build.0 = Debug|Any CPU
		{C84931B5-CE0A-4CB7-A2F2-8E77B431FFBF}.Ad-Hoc|x86.Deploy.0 = Debug|Any CPU
		{C84931B5-CE0A-4CB7-A2F2-8E77B431FFBF}.AppStore|Any CPU.ActiveCfg = Debug|Any CPU
		{C84931B5-CE0A-4CB7-A2F2-8E77B431FFBF}.AppStore|Any CPU.Build.0 = Debug|Any CPU
		{C84931B5-CE0A-4CB7-A2F2-8E77B431FFBF}.AppStore|Any CPU.Deploy.0 = Debug|Any CPU
		{C84931B5-CE0A-4CB7-A2F2-8E77B431FFBF}.AppStore|ARM.ActiveCfg = Debug|Any CPU
		{C84931B5-CE0A-4CB7-A2F2-8E77B431FFBF}.AppStore|ARM.Build.0 = Debug|Any CPU
		{C84931B5-CE0A-4CB7-A2F2-8E77B431FFBF}.AppStore|ARM.Deploy.0 = Debug|Any CPU
		{C84931B5-CE0A-4CB7-A2F2-8E77B431FFBF}.AppStore|iPhone.ActiveCfg = Debug|Any CPU
		{C84931B5-CE0A-4CB7-A2F2-8E77B431FFBF}.AppStore|iPhone.Build.0 = Debug|Any CPU
		{C84931B5-CE0A-4CB7-A2F2-8E77B431FFBF}.AppStore|iPhone.Deploy.0 = Debug|Any CPU
		{C84931B5-CE0A-4CB7-A2F2-8E77B431FFBF}.AppStore|iPhoneSimulator.ActiveCfg = Debug|Any CPU
		{C84931B5-CE0A-4CB7-A2F2-8E77B431FFBF}.AppStore|iPhoneSimulator.Build.0 = Debug|Any CPU
		{C84931B5-CE0A-4CB7-A2F2-8E77B431FFBF}.AppStore|iPhoneSimulator.Deploy.0 = Debug|Any CPU
		{C84931B5-CE0A-4CB7-A2F2-8E77B431FFBF}.AppStore|x64.ActiveCfg = Debug|Any CPU
		{C84931B5-CE0A-4CB7-A2F2-8E77B431FFBF}.AppStore|x64.Build.0 = Debug|Any CPU
		{C84931B5-CE0A-4CB7-A2F2-8E77B431FFBF}.AppStore|x64.Deploy.0 = Debug|Any CPU
		{C84931B5-CE0A-4CB7-A2F2-8E77B431FFBF}.AppStore|x86.ActiveCfg = Debug|Any CPU
		{C84931B5-CE0A-4CB7-A2F2-8E77B431FFBF}.AppStore|x86.Build.0 = Debug|Any CPU
		{C84931B5-CE0A-4CB7-A2F2-8E77B431FFBF}.AppStore|x86.Deploy.0 = Debug|Any CPU
		{C84931B5-CE0A-4CB7-A2F2-8E77B431FFBF}.Debug|Any CPU.ActiveCfg = Debug|Any CPU
		{C84931B5-CE0A-4CB7-A2F2-8E77B431FFBF}.Debug|Any CPU.Build.0 = Debug|Any CPU
		{C84931B5-CE0A-4CB7-A2F2-8E77B431FFBF}.Debug|Any CPU.Deploy.0 = Debug|Any CPU
		{C84931B5-CE0A-4CB7-A2F2-8E77B431FFBF}.Debug|ARM.ActiveCfg = Debug|Any CPU
		{C84931B5-CE0A-4CB7-A2F2-8E77B431FFBF}.Debug|ARM.Build.0 = Debug|Any CPU
		{C84931B5-CE0A-4CB7-A2F2-8E77B431FFBF}.Debug|ARM.Deploy.0 = Debug|Any CPU
		{C84931B5-CE0A-4CB7-A2F2-8E77B431FFBF}.Debug|iPhone.ActiveCfg = Debug|Any CPU
		{C84931B5-CE0A-4CB7-A2F2-8E77B431FFBF}.Debug|iPhone.Build.0 = Debug|Any CPU
		{C84931B5-CE0A-4CB7-A2F2-8E77B431FFBF}.Debug|iPhone.Deploy.0 = Debug|Any CPU
		{C84931B5-CE0A-4CB7-A2F2-8E77B431FFBF}.Debug|iPhoneSimulator.ActiveCfg = Debug|Any CPU
		{C84931B5-CE0A-4CB7-A2F2-8E77B431FFBF}.Debug|iPhoneSimulator.Build.0 = Debug|Any CPU
		{C84931B5-CE0A-4CB7-A2F2-8E77B431FFBF}.Debug|iPhoneSimulator.Deploy.0 = Debug|Any CPU
		{C84931B5-CE0A-4CB7-A2F2-8E77B431FFBF}.Debug|x64.ActiveCfg = Debug|Any CPU
		{C84931B5-CE0A-4CB7-A2F2-8E77B431FFBF}.Debug|x64.Build.0 = Debug|Any CPU
		{C84931B5-CE0A-4CB7-A2F2-8E77B431FFBF}.Debug|x64.Deploy.0 = Debug|Any CPU
		{C84931B5-CE0A-4CB7-A2F2-8E77B431FFBF}.Debug|x86.ActiveCfg = Debug|Any CPU
		{C84931B5-CE0A-4CB7-A2F2-8E77B431FFBF}.Debug|x86.Build.0 = Debug|Any CPU
		{C84931B5-CE0A-4CB7-A2F2-8E77B431FFBF}.Debug|x86.Deploy.0 = Debug|Any CPU
		{C84931B5-CE0A-4CB7-A2F2-8E77B431FFBF}.Release|Any CPU.ActiveCfg = Release|Any CPU
		{C84931B5-CE0A-4CB7-A2F2-8E77B431FFBF}.Release|Any CPU.Build.0 = Release|Any CPU
		{C84931B5-CE0A-4CB7-A2F2-8E77B431FFBF}.Release|Any CPU.Deploy.0 = Release|Any CPU
		{C84931B5-CE0A-4CB7-A2F2-8E77B431FFBF}.Release|ARM.ActiveCfg = Release|Any CPU
		{C84931B5-CE0A-4CB7-A2F2-8E77B431FFBF}.Release|ARM.Build.0 = Release|Any CPU
		{C84931B5-CE0A-4CB7-A2F2-8E77B431FFBF}.Release|ARM.Deploy.0 = Release|Any CPU
		{C84931B5-CE0A-4CB7-A2F2-8E77B431FFBF}.Release|iPhone.ActiveCfg = Release|Any CPU
		{C84931B5-CE0A-4CB7-A2F2-8E77B431FFBF}.Release|iPhone.Build.0 = Release|Any CPU
		{C84931B5-CE0A-4CB7-A2F2-8E77B431FFBF}.Release|iPhone.Deploy.0 = Release|Any CPU
		{C84931B5-CE0A-4CB7-A2F2-8E77B431FFBF}.Release|iPhoneSimulator.ActiveCfg = Release|Any CPU
		{C84931B5-CE0A-4CB7-A2F2-8E77B431FFBF}.Release|iPhoneSimulator.Build.0 = Release|Any CPU
		{C84931B5-CE0A-4CB7-A2F2-8E77B431FFBF}.Release|iPhoneSimulator.Deploy.0 = Release|Any CPU
		{C84931B5-CE0A-4CB7-A2F2-8E77B431FFBF}.Release|x64.ActiveCfg = Release|Any CPU
		{C84931B5-CE0A-4CB7-A2F2-8E77B431FFBF}.Release|x64.Build.0 = Release|Any CPU
		{C84931B5-CE0A-4CB7-A2F2-8E77B431FFBF}.Release|x64.Deploy.0 = Release|Any CPU
		{C84931B5-CE0A-4CB7-A2F2-8E77B431FFBF}.Release|x86.ActiveCfg = Release|Any CPU
		{C84931B5-CE0A-4CB7-A2F2-8E77B431FFBF}.Release|x86.Build.0 = Release|Any CPU
		{C84931B5-CE0A-4CB7-A2F2-8E77B431FFBF}.Release|x86.Deploy.0 = Release|Any CPU
	EndGlobalSection
	GlobalSection(SolutionProperties) = preSolution
		HideSolutionNode = FALSE
	EndGlobalSection
	GlobalSection(ExtensibilityGlobals) = postSolution
		SolutionGuid = {7B482FA6-1659-4030-81A8-321762C6B38A}
	EndGlobalSection
EndGlobal
